{
  "nodes": {
    "fabric-servers": {
      "inputs": {
        "nixpkgs": [
          "nixpkgs"
        ]
      },
      "locked": {
        "lastModified": 1755756618,
        "narHash": "sha256-cPtqddGURsH6U0HFYP26ULcsOzM8lvvsMeq3RxtGavs=",
        "owner": "threadexio",
        "repo": "nixpkgs",
        "rev": "401567f836876c108b5277db433cde329412cb51",
        "type": "github"
      },
      "original": {
        "owner": "threadexio",
        "ref": "fabric-servers-overlay",
        "repo": "nixpkgs",
        "type": "github"
      }
    },
    "flake-parts": {
      "inputs": {
        "nixpkgs-lib": "nixpkgs-lib"
      },
      "locked": {
        "lastModified": 1753121425,
        "narHash": "sha256-TVcTNvOeWWk1DXljFxVRp+E0tzG1LhrVjOGGoMHuXio=",
        "owner": "hercules-ci",
        "repo": "flake-parts",
        "rev": "644e0fc48951a860279da645ba77fe4a6e814c5e",
        "type": "github"
      },
      "original": {
        "owner": "hercules-ci",
        "repo": "flake-parts",
        "type": "github"
      }
    },
    "hm": {
      "inputs": {
        "nixpkgs": [
          "nixpkgs"
        ]
      },
      "locked": {
        "lastModified": 1753056897,
        "narHash": "sha256-AVVMBFcuOXqIgmShvRv9TED3fkiZhQ0ZvlhsPoFfkNE=",
        "owner": "nix-community",
        "repo": "home-manager",
        "rev": "13a83d1b6545b7f0e8f7689bad62e7a3b1d63771",
        "type": "github"
      },
      "original": {
        "owner": "nix-community",
        "repo": "home-manager",
        "type": "github"
      }
    },
    "kwin-effects-forceblur": {
      "inputs": {
        "nixpkgs": [
          "nixpkgs"
        ],
        "utils": "utils"
      },
      "locked": {
        "lastModified": 1753730075,
        "narHash": "sha256-DrEPXNLEOXaOmx07RCH4H+u8SLKHtZXihd+Wjg/ZV1U=",
        "owner": "taj-ny",
        "repo": "kwin-effects-forceblur",
        "rev": "caac68328a0d10c35dee1cc1a8acfd613e02f8a1",
        "type": "github"
      },
      "original": {
        "owner": "taj-ny",
        "repo": "kwin-effects-forceblur",
        "rev": "caac68328a0d10c35dee1cc1a8acfd613e02f8a1",
        "type": "github"
      }
    },
    "nixpkgs": {
      "locked": {
        "lastModified": 1752950548,
        "narHash": "sha256-NS6BLD0lxOrnCiEOcvQCDVPXafX1/ek1dfJHX1nUIzc=",
        "owner": "NixOS",
        "repo": "nixpkgs",
        "rev": "c87b95e25065c028d31a94f06a62927d18763fdf",
        "type": "github"
      },
      "original": {
        "owner": "NixOS",
        "ref": "nixos-unstable",
        "repo": "nixpkgs",
        "type": "github"
      }
    },
    "nixpkgs-lib": {
      "locked": {
        "lastModified": 1751159883,
        "narHash": "sha256-urW/Ylk9FIfvXfliA1ywh75yszAbiTEVgpPeinFyVZo=",
        "owner": "nix-community",
        "repo": "nixpkgs.lib",
        "rev": "14a40a1d7fb9afa4739275ac642ed7301a9ba1ab",
        "type": "github"
      },
      "original": {
        "owner": "nix-community",
        "repo": "nixpkgs.lib",
        "type": "github"
      }
    },
    "rich-presence-wrapper": {
      "inputs": {
        "nixpkgs": [
          "nixpkgs"
        ],
        "rust-overlay": "rust-overlay"
      },
      "locked": {
        "lastModified": 1755777554,
        "narHash": "sha256-gkKCV0/3pvzZv+yk4g8oNC4F6XwdsPdJWckBzNJ0mAg=",
        "owner": "threadexio",
        "repo": "rich-presence-wrapper",
        "rev": "797cfd2c8d3502d54021592901257c01800686e6",
        "type": "github"
      },
      "original": {
        "owner": "threadexio",
        "repo": "rich-presence-wrapper",
        "type": "github"
      }
    },
    "root": {
      "inputs": {
        "fabric-servers": "fabric-servers",
        "flake-parts": "flake-parts",
        "hm": "hm",
        "kwin-effects-forceblur": "kwin-effects-forceblur",
        "nixpkgs": "nixpkgs",
        "rich-presence-wrapper": "rich-presence-wrapper"
      }
    },
    "rust-overlay": {
      "inputs": {
        "nixpkgs": [
          "rich-presence-wrapper",
          "nixpkgs"
        ]
      },
      "locked": {
        "lastModified": 1739500069,
        "narHash": "sha256-eCxWMqMsP2KQkleWWhs9KzFvxgd9v0F0iq7Piw6XDAs=",
        "owner": "oxalica",
        "repo": "rust-overlay",
        "rev": "cd3e0a87bf9edadb0f311ba1eb677bbae7a08b81",
        "type": "github"
      },
      "original": {
        "owner": "oxalica",
        "repo": "rust-overlay",
        "type": "github"
      }
    },
    "systems": {
      "locked": {
        "lastModified": 1681028828,
        "narHash": "sha256-Vy1rq5AaRuLzOxct8nz4T6wlgyUR7zLU309k9mBC768=",
        "owner": "nix-systems",
        "repo": "default",
        "rev": "da67096a3b9bf56a91d16901293e51ba5b49a27e",
        "type": "github"
      },
      "original": {
        "owner": "nix-systems",
        "repo": "default",
        "type": "github"
      }
    },
    "utils": {
      "inputs": {
        "systems": "systems"
      },
      "locked": {
        "lastModified": 1726560853,
        "narHash": "sha256-X6rJYSESBVr3hBoH0WbKE5KvhPU5bloyZ2L4K60/fPQ=",
        "owner": "numtide",
        "repo": "flake-utils",
        "rev": "c1dfcf08411b08f6b8615f7d8971a2bfa81d5e8a",
        "type": "github"
      },
      "original": {
        "owner": "numtide",
        "repo": "flake-utils",
        "type": "github"
      }
    }
  },
  "root": "root",
  "version": 7
}
