{
  "nodes": {
    "crane": {
      "locked": {
        "lastModified": 1757183466,
        "narHash": "sha256-kTdCCMuRE+/HNHES5JYsbRHmgtr+l9mOtf5dpcMppVc=",
        "owner": "ipetkov",
        "repo": "crane",
        "rev": "d599ae4847e7f87603e7082d73ca673aa93c916d",
        "type": "github"
      },
      "original": {
        "owner": "ipetkov",
        "repo": "crane",
        "type": "github"
      }
    },
    "fabric-servers": {
      "inputs": {
        "nixpkgs": [
          "nixpkgs"
        ]
      },
      "locked": {
        "lastModified": 1756751162,
        "narHash": "sha256-/Mu0EqsMa+CFC4vyI3DfNDoNNR+FJ5w10jDE56TnvbQ=",
        "owner": "threadexio",
        "repo": "nixpkgs",
        "rev": "792b1f4bed3bfaba2c1dddd2d4a5e35422374fa1",
        "type": "github"
      },
      "original": {
        "owner": "threadexio",
        "ref": "fabric-servers-overlay",
        "repo": "nixpkgs",
        "type": "github"
      }
    },
    "flake-compat": {
      "flake": false,
      "locked": {
        "lastModified": 1747046372,
        "narHash": "sha256-CIVLLkVgvHYbgI2UpXvIIBJ12HWgX+fjA8Xf8PUmqCY=",
        "owner": "edolstra",
        "repo": "flake-compat",
        "rev": "9100a0f413b0c601e0533d1d94ffd501ce2e7885",
        "type": "github"
      },
      "original": {
        "owner": "edolstra",
        "repo": "flake-compat",
        "type": "github"
      }
    },
    "flake-parts": {
      "inputs": {
        "nixpkgs-lib": "nixpkgs-lib"
      },
      "locked": {
        "lastModified": 1754487366,
        "narHash": "sha256-pHYj8gUBapuUzKV/kN/tR3Zvqc7o6gdFB9XKXIp1SQ8=",
        "owner": "hercules-ci",
        "repo": "flake-parts",
        "rev": "af66ad14b28a127c5c0f3bbb298218fc63528a18",
        "type": "github"
      },
      "original": {
        "owner": "hercules-ci",
        "repo": "flake-parts",
        "type": "github"
      }
    },
    "hm": {
      "inputs": {
        "nixpkgs": [
          "nixpkgs"
        ]
      },
      "locked": {
        "lastModified": 1756650373,
        "narHash": "sha256-Iz0dNCNvLLxVGjOOF1/TJvZ4iKXE96BTgKDObCs9u+M=",
        "owner": "nix-community",
        "repo": "home-manager",
        "rev": "e44549074a574d8bda612945a88e4a1fd3c456a8",
        "type": "github"
      },
      "original": {
        "owner": "nix-community",
        "repo": "home-manager",
        "type": "github"
      }
    },
    "kwin-effects-forceblur": {
      "inputs": {
        "nixpkgs": [
          "nixpkgs"
        ],
        "utils": "utils"
      },
      "locked": {
        "lastModified": 1753730075,
        "narHash": "sha256-DrEPXNLEOXaOmx07RCH4H+u8SLKHtZXihd+Wjg/ZV1U=",
        "owner": "taj-ny",
        "repo": "kwin-effects-forceblur",
        "rev": "caac68328a0d10c35dee1cc1a8acfd613e02f8a1",
        "type": "github"
      },
      "original": {
        "owner": "taj-ny",
        "repo": "kwin-effects-forceblur",
        "rev": "caac68328a0d10c35dee1cc1a8acfd613e02f8a1",
        "type": "github"
      }
    },
    "nixpkgs": {
      "locked": {
        "lastModified": 1756542300,
        "narHash": "sha256-tlOn88coG5fzdyqz6R93SQL5Gpq+m/DsWpekNFhqPQk=",
        "owner": "NixOS",
        "repo": "nixpkgs",
        "rev": "d7600c775f877cd87b4f5a831c28aa94137377aa",
        "type": "github"
      },
      "original": {
        "owner": "NixOS",
        "ref": "nixos-unstable",
        "repo": "nixpkgs",
        "type": "github"
      }
    },
    "nixpkgs-lib": {
      "locked": {
        "lastModified": 1753579242,
        "narHash": "sha256-zvaMGVn14/Zz8hnp4VWT9xVnhc8vuL3TStRqwk22biA=",
        "owner": "nix-community",
        "repo": "nixpkgs.lib",
        "rev": "0f36c44e01a6129be94e3ade315a5883f0228a6e",
        "type": "github"
      },
      "original": {
        "owner": "nix-community",
        "repo": "nixpkgs.lib",
        "type": "github"
      }
    },
    "rich-presence-wrapper": {
      "inputs": {
        "nixpkgs": [
          "nixpkgs"
        ],
        "rust-overlay": "rust-overlay"
      },
      "locked": {
        "lastModified": 1755777554,
        "narHash": "sha256-gkKCV0/3pvzZv+yk4g8oNC4F6XwdsPdJWckBzNJ0mAg=",
        "owner": "threadexio",
        "repo": "rich-presence-wrapper",
        "rev": "797cfd2c8d3502d54021592901257c01800686e6",
        "type": "github"
      },
      "original": {
        "owner": "threadexio",
        "repo": "rich-presence-wrapper",
        "type": "github"
      }
    },
    "root": {
      "inputs": {
        "fabric-servers": "fabric-servers",
        "flake-parts": "flake-parts",
        "hm": "hm",
        "kwin-effects-forceblur": "kwin-effects-forceblur",
        "nixpkgs": "nixpkgs",
        "rich-presence-wrapper": "rich-presence-wrapper",
        "rswd": "rswd",
        "wolly": "wolly"
      }
    },
    "rswd": {
      "inputs": {
        "crane": "crane",
        "flake-compat": "flake-compat",
        "nixpkgs": [
          "nixpkgs"
        ],
        "rust-overlay": "rust-overlay_2"
      },
      "locked": {
        "lastModified": 1758967567,
        "narHash": "sha256-457ernV04wxiZ5TMX6hr8Xxyj1WmTnuQ3IL+BvvWfl4=",
        "ref": "refs/heads/master",
        "rev": "4527176926224ad76bd44607fbc1be6b5ec4d683",
        "revCount": 129,
        "type": "git",
        "url": "ssh://git@github.com/threadexio/rswd"
      },
      "original": {
        "type": "git",
        "url": "ssh://git@github.com/threadexio/rswd"
      }
    },
    "rust-overlay": {
      "inputs": {
        "nixpkgs": [
          "rich-presence-wrapper",
          "nixpkgs"
        ]
      },
      "locked": {
        "lastModified": 1739500069,
        "narHash": "sha256-eCxWMqMsP2KQkleWWhs9KzFvxgd9v0F0iq7Piw6XDAs=",
        "owner": "oxalica",
        "repo": "rust-overlay",
        "rev": "cd3e0a87bf9edadb0f311ba1eb677bbae7a08b81",
        "type": "github"
      },
      "original": {
        "owner": "oxalica",
        "repo": "rust-overlay",
        "type": "github"
      }
    },
    "rust-overlay_2": {
      "inputs": {
        "nixpkgs": [
          "rswd",
          "nixpkgs"
        ]
      },
      "locked": {
        "lastModified": 1757817311,
        "narHash": "sha256-ssgd1UHgbYBIWYdHNpiQEahGl2Cpd4Nj54fz9qEV1v0=",
        "owner": "oxalica",
        "repo": "rust-overlay",
        "rev": "7005365b81bcc335f2b744aa30446f4e575e8dc2",
        "type": "github"
      },
      "original": {
        "owner": "oxalica",
        "repo": "rust-overlay",
        "type": "github"
      }
    },
    "rust-overlay_3": {
      "inputs": {
        "nixpkgs": [
          "wolly",
          "nixpkgs"
        ]
      },
      "locked": {
        "lastModified": 1752028888,
        "narHash": "sha256-LRj3/PUpII6taWOrX1w/OeI6f1ncND02PP/kEHvPCqU=",
        "owner": "oxalica",
        "repo": "rust-overlay",
        "rev": "a0f1c656e053463b47639234b151a05e4441bb19",
        "type": "github"
      },
      "original": {
        "owner": "oxalica",
        "repo": "rust-overlay",
        "type": "github"
      }
    },
    "systems": {
      "locked": {
        "lastModified": 1681028828,
        "narHash": "sha256-Vy1rq5AaRuLzOxct8nz4T6wlgyUR7zLU309k9mBC768=",
        "owner": "nix-systems",
        "repo": "default",
        "rev": "da67096a3b9bf56a91d16901293e51ba5b49a27e",
        "type": "github"
      },
      "original": {
        "owner": "nix-systems",
        "repo": "default",
        "type": "github"
      }
    },
    "utils": {
      "inputs": {
        "systems": "systems"
      },
      "locked": {
        "lastModified": 1726560853,
        "narHash": "sha256-X6rJYSESBVr3hBoH0WbKE5KvhPU5bloyZ2L4K60/fPQ=",
        "owner": "numtide",
        "repo": "flake-utils",
        "rev": "c1dfcf08411b08f6b8615f7d8971a2bfa81d5e8a",
        "type": "github"
      },
      "original": {
        "owner": "numtide",
        "repo": "flake-utils",
        "type": "github"
      }
    },
    "wolly": {
      "inputs": {
        "nixpkgs": [
          "nixpkgs"
        ],
        "rust-overlay": "rust-overlay_3"
      },
      "locked": {
        "lastModified": 1757486073,
        "narHash": "sha256-jVxU1IPosirporTdQdD9us1C+nXh7CMYUgD5zjTps9o=",
        "owner": "threadexio",
        "repo": "wolly",
        "rev": "98f3a5214485b807e2bc8bb963c27f4b47a3014e",
        "type": "github"
      },
      "original": {
        "owner": "threadexio",
        "ref": "master",
        "repo": "wolly",
        "type": "github"
      }
    }
  },
  "root": "root",
  "version": 7
}
